
Microsoft Visual Studio Solution File, Format Version 12.00
# Visual Studio Version 16
VisualStudioVersion = 16.0.28729.10
MinimumVisualStudioVersion = 10.0.40219.1
Project("{FAE04EC0-301F-11D3-BF4B-00C04F79EFBC}") = "Lesson16 11.09.2021", "Lesson16 11.09.2021\Lesson16 11.09.2021.csproj", "{423342F6-59B9-4641-9660-E7497413DDFF}"
EndProject
Global
	GlobalSection(SolutionConfigurationPlatforms) = preSolution
		Debug|Any CPU = Debug|Any CPU
		Release|Any CPU = Release|Any CPU
	EndGlobalSection
	GlobalSection(ProjectConfigurationPlatforms) = postSolution
		{423342F6-59B9-4641-9660-E7497413DDFF}.Debug|Any CPU.ActiveCfg = Debug|Any CPU
		{423342F6-59B9-4641-9660-E7497413DDFF}.Debug|Any CPU.Build.0 = Debug|Any CPU
		{423342F6-59B9-4641-9660-E7497413DDFF}.Release|Any CPU.ActiveCfg = Release|Any CPU
		{423342F6-59B9-4641-9660-E7497413DDFF}.Release|Any CPU.Build.0 = Release|Any CPU
	EndGlobalSection
	GlobalSection(SolutionProperties) = preSolution
		HideSolutionNode = FALSE
	EndGlobalSection
	GlobalSection(ExtensibilityGlobals) = postSolution
		SolutionGuid = {37CDAF86-1956-4C24-AE56-0862F79AC4A7}
	EndGlobalSection
EndGlobal
